
Microsoft Visual Studio Solution File, Format Version 12.00
# Visual Studio Version 17
VisualStudioVersion = 17.11.35327.3
MinimumVisualStudioVersion = 10.0.40219.1
Project("{FAE04EC0-301F-11D3-BF4B-00C04F79EFBC}") = "OrderManagerWinForm", "OrderManagerWinForm.csproj", "{E72B928B-0B25-4B6F-90BE-F03F23713144}"
EndProject
Global
	GlobalSection(SolutionConfigurationPlatforms) = preSolution
		Debug|Any CPU = Debug|Any CPU
		Release|Any CPU = Release|Any CPU
	EndGlobalSection
	GlobalSection(ProjectConfigurationPlatforms) = postSolution
		{E72B928B-0B25-4B6F-90BE-F03F23713144}.Debug|Any CPU.ActiveCfg = Debug|Any CPU
		{E72B928B-0B25-4B6F-90BE-F03F23713144}.Debug|Any CPU.Build.0 = Debug|Any CPU
		{E72B928B-0B25-4B6F-90BE-F03F23713144}.Release|Any CPU.ActiveCfg = Release|Any CPU
		{E72B928B-0B25-4B6F-90BE-F03F23713144}.Release|Any CPU.Build.0 = Release|Any CPU
	EndGlobalSection
	GlobalSection(SolutionProperties) = preSolution
		HideSolutionNode = FALSE
	EndGlobalSection
	GlobalSection(ExtensibilityGlobals) = postSolution
		SolutionGuid = {915CDDC4-D4F4-4927-B523-082D75E7198A}
	EndGlobalSection
EndGlobal
